Microsoft Visual Studio Solution File, Format Version 12.00
# Visual Studio Version 17
VisualStudioVersion = 17.5.2.0
MinimumVisualStudioVersion = 10.0.40219.1
Project("{FAE04EC0-301F-11D3-BF4B-00C04F79EFBC}") = "AppEmit.API", "AppEmit.API.csproj", "{230CDFB3-551C-4499-2009-93774A3B39F0}"
EndProject
Global
	GlobalSection(SolutionConfigurationPlatforms) = preSolution
		Debug|Any CPU = Debug|Any CPU
		Release|Any CPU = Release|Any CPU
	EndGlobalSection
	GlobalSection(ProjectConfigurationPlatforms) = postSolution
		{230CDFB3-551C-4499-2009-93774A3B39F0}.Debug|Any CPU.ActiveCfg = Debug|Any CPU
		{230CDFB3-551C-4499-2009-93774A3B39F0}.Debug|Any CPU.Build.0 = Debug|Any CPU
		{230CDFB3-551C-4499-2009-93774A3B39F0}.Release|Any CPU.ActiveCfg = Release|Any CPU
		{230CDFB3-551C-4499-2009-93774A3B39F0}.Release|Any CPU.Build.0 = Release|Any CPU
	EndGlobalSection
	GlobalSection(SolutionProperties) = preSolution
		HideSolutionNode = FALSE
	EndGlobalSection
	GlobalSection(ExtensibilityGlobals) = postSolution
		SolutionGuid = {BBE7994E-EDCB-4F04-B6E2-D68052416494}
	EndGlobalSection
EndGlobal
